// !$*UTF8*$!
{
	archiveVersion = 1;
	classes = {
	};
	objectVersion = 50;
	objects = {

/* Begin PBXBuildFile section */
		78773C6B23F592460025E635 /* AppDelegate.swift in Sources */ = {isa = PBXBuildFile; fileRef = 78773C6A23F592460025E635 /* AppDelegate.swift */; };
		78773C6D23F592460025E635 /* SceneDelegate.swift in Sources */ = {isa = PBXBuildFile; fileRef = 78773C6C23F592460025E635 /* SceneDelegate.swift */; };
		78773C7223F592460025E635 /* Main.storyboard in Resources */ = {isa = PBXBuildFile; fileRef = 78773C7023F592460025E635 /* Main.storyboard */; };
		78773C7423F5924C0025E635 /* Assets.xcassets in Resources */ = {isa = PBXBuildFile; fileRef = 78773C7323F5924C0025E635 /* Assets.xcassets */; };
		78773C7723F5924C0025E635 /* LaunchScreen.storyboard in Resources */ = {isa = PBXBuildFile; fileRef = 78773C7523F5924C0025E635 /* LaunchScreen.storyboard */; };
		78773C7F23F592E00025E635 /* CarCatalogTableViewController.swift in Sources */ = {isa = PBXBuildFile; fileRef = 78773C7E23F592E00025E635 /* CarCatalogTableViewController.swift */; };
		78773C8623F5A1560025E635 /* AddCarViewController.swift in Sources */ = {isa = PBXBuildFile; fileRef = 78773C8423F5A1560025E635 /* AddCarViewController.swift */; };
		78773C8923F5A29A0025E635 /* AddCarViewController.storyboard in Resources */ = {isa = PBXBuildFile; fileRef = 78773C8823F5A29A0025E635 /* AddCarViewController.storyboard */; };
		78773C8E23F5ACEE0025E635 /* CarCatalogCell.swift in Sources */ = {isa = PBXBuildFile; fileRef = 78773C8C23F5ACEE0025E635 /* CarCatalogCell.swift */; };
		78773C8F23F5ACEE0025E635 /* CarCatalogCell.xib in Resources */ = {isa = PBXBuildFile; fileRef = 78773C8D23F5ACEE0025E635 /* CarCatalogCell.xib */; };
		78773C9123F5C91E0025E635 /* UIView+ext.swift in Sources */ = {isa = PBXBuildFile; fileRef = 78773C9023F5C91E0025E635 /* UIView+ext.swift */; };
		78773C9323F5C93D0025E635 /* Car.swift in Sources */ = {isa = PBXBuildFile; fileRef = 78773C9223F5C93D0025E635 /* Car.swift */; };
		78773C9523F5CB140025E635 /* UserDefault.swift in Sources */ = {isa = PBXBuildFile; fileRef = 78773C9423F5CB140025E635 /* UserDefault.swift */; };
		78773C9723F5CDA60025E635 /* GetCarsCatalog.swift in Sources */ = {isa = PBXBuildFile; fileRef = 78773C9623F5CDA60025E635 /* GetCarsCatalog.swift */; };
		78773CA123F5EEF80025E635 /* SearchCarViewController.swift in Sources */ = {isa = PBXBuildFile; fileRef = 78773CA023F5EEF80025E635 /* SearchCarViewController.swift */; };
		78773CA323F5EF0A0025E635 /* SearchCarViewController.storyboard in Resources */ = {isa = PBXBuildFile; fileRef = 78773CA223F5EF0A0025E635 /* SearchCarViewController.storyboard */; };
/* End PBXBuildFile section */

/* Begin PBXFileReference section */
		78773C6723F592460025E635 /* CarTableView.app */ = {isa = PBXFileReference; explicitFileType = wrapper.application; includeInIndex = 0; path = CarTableView.app; sourceTree = BUILT_PRODUCTS_DIR; };
		78773C6A23F592460025E635 /* AppDelegate.swift */ = {isa = PBXFileReference; lastKnownFileType = sourcecode.swift; path = AppDelegate.swift; sourceTree = "<group>"; };
		78773C6C23F592460025E635 /* SceneDelegate.swift */ = {isa = PBXFileReference; lastKnownFileType = sourcecode.swift; path = SceneDelegate.swift; sourceTree = "<group>"; };
		78773C7123F592460025E635 /* Base */ = {isa = PBXFileReference; lastKnownFileType = file.storyboard; name = Base; path = Base.lproj/Main.storyboard; sourceTree = "<group>"; };
		78773C7323F5924C0025E635 /* Assets.xcassets */ = {isa = PBXFileReference; lastKnownFileType = folder.assetcatalog; path = Assets.xcassets; sourceTree = "<group>"; };
		78773C7623F5924C0025E635 /* Base */ = {isa = PBXFileReference; lastKnownFileType = file.storyboard; name = Base; path = Base.lproj/LaunchScreen.storyboard; sourceTree = "<group>"; };
		78773C7823F5924C0025E635 /* Info.plist */ = {isa = PBXFileReference; lastKnownFileType = text.plist.xml; path = Info.plist; sourceTree = "<group>"; };
		78773C7E23F592E00025E635 /* CarCatalogTableViewController.swift */ = {isa = PBXFileReference; lastKnownFileType = sourcecode.swift; path = CarCatalogTableViewController.swift; sourceTree = "<group>"; };
		78773C8423F5A1560025E635 /* AddCarViewController.swift */ = {isa = PBXFileReference; lastKnownFileType = sourcecode.swift; path = AddCarViewController.swift; sourceTree = "<group>"; };
		78773C8823F5A29A0025E635 /* AddCarViewController.storyboard */ = {isa = PBXFileReference; lastKnownFileType = file.storyboard; path = AddCarViewController.storyboard; sourceTree = "<group>"; };
		78773C8C23F5ACEE0025E635 /* CarCatalogCell.swift */ = {isa = PBXFileReference; lastKnownFileType = sourcecode.swift; path = CarCatalogCell.swift; sourceTree = "<group>"; };
		78773C8D23F5ACEE0025E635 /* CarCatalogCell.xib */ = {isa = PBXFileReference; lastKnownFileType = file.xib; path = CarCatalogCell.xib; sourceTree = "<group>"; };
		78773C9023F5C91E0025E635 /* UIView+ext.swift */ = {isa = PBXFileReference; lastKnownFileType = sourcecode.swift; path = "UIView+ext.swift"; sourceTree = "<group>"; };
		78773C9223F5C93D0025E635 /* Car.swift */ = {isa = PBXFileReference; lastKnownFileType = sourcecode.swift; path = Car.swift; sourceTree = "<group>"; };
		78773C9423F5CB140025E635 /* UserDefault.swift */ = {isa = PBXFileReference; lastKnownFileType = sourcecode.swift; path = UserDefault.swift; sourceTree = "<group>"; };
		78773C9623F5CDA60025E635 /* GetCarsCatalog.swift */ = {isa = PBXFileReference; lastKnownFileType = sourcecode.swift; path = GetCarsCatalog.swift; sourceTree = "<group>"; };
		78773CA023F5EEF80025E635 /* SearchCarViewController.swift */ = {isa = PBXFileReference; lastKnownFileType = sourcecode.swift; path = SearchCarViewController.swift; sourceTree = "<group>"; };
		78773CA223F5EF0A0025E635 /* SearchCarViewController.storyboard */ = {isa = PBXFileReference; lastKnownFileType = file.storyboard; path = SearchCarViewController.storyboard; sourceTree = "<group>"; };
/* End PBXFileReference section */

/* Begin PBXFrameworksBuildPhase section */
		78773C6423F592460025E635 /* Frameworks */ = {
			isa = PBXFrameworksBuildPhase;
			buildActionMask = 2147483647;
			files = (
			);
			runOnlyForDeploymentPostprocessing = 0;
		};
/* End PBXFrameworksBuildPhase section */

/* Begin PBXGroup section */
		78773C5E23F592460025E635 = {
			isa = PBXGroup;
			children = (
				78773C6923F592460025E635 /* CarTableView */,
				78773C6823F592460025E635 /* Products */,
			);
			sourceTree = "<group>";
		};
		78773C6823F592460025E635 /* Products */ = {
			isa = PBXGroup;
			children = (
				78773C6723F592460025E635 /* CarTableView.app */,
			);
			name = Products;
			sourceTree = "<group>";
		};
		78773C6923F592460025E635 /* CarTableView */ = {
			isa = PBXGroup;
			children = (
				78773C9F23F5EEC80025E635 /* SearchCar */,
				78773C8B23F5AC930025E635 /* CarCatalog */,
				78773C8A23F5AC830025E635 /* AddCar */,
				78773C6A23F592460025E635 /* AppDelegate.swift */,
				78773C6C23F592460025E635 /* SceneDelegate.swift */,
				78773C7523F5924C0025E635 /* LaunchScreen.storyboard */,
				78773C7323F5924C0025E635 /* Assets.xcassets */,
				78773C7823F5924C0025E635 /* Info.plist */,
				78773C9E23F5E51C0025E635 /* Helpers */,
				78773C9D23F5E50A0025E635 /* Extensions */,
			);
			path = CarTableView;
			sourceTree = "<group>";
		};
		78773C8A23F5AC830025E635 /* AddCar */ = {
			isa = PBXGroup;
			children = (
				78773C9C23F5E4E40025E635 /* Controller */,
				78773C9B23F5E4DD0025E635 /* View */,
			);
			path = AddCar;
			sourceTree = "<group>";
		};
		78773C8B23F5AC930025E635 /* CarCatalog */ = {
			isa = PBXGroup;
			children = (
				78773C9A23F5E49A0025E635 /* Controller */,
				78773C9923F5E4950025E635 /* View */,
				78773C9823F5E48B0025E635 /* Model */,
			);
			path = CarCatalog;
			sourceTree = "<group>";
		};
		78773C9823F5E48B0025E635 /* Model */ = {
			isa = PBXGroup;
			children = (
				78773C9623F5CDA60025E635 /* GetCarsCatalog.swift */,
				78773C9223F5C93D0025E635 /* Car.swift */,
			);
			path = Model;
			sourceTree = "<group>";
		};
		78773C9923F5E4950025E635 /* View */ = {
			isa = PBXGroup;
			children = (
				78773C7023F592460025E635 /* Main.storyboard */,
				78773C8C23F5ACEE0025E635 /* CarCatalogCell.swift */,
				78773C8D23F5ACEE0025E635 /* CarCatalogCell.xib */,
			);
			path = View;
			sourceTree = "<group>";
		};
		78773C9A23F5E49A0025E635 /* Controller */ = {
			isa = PBXGroup;
			children = (
				78773C7E23F592E00025E635 /* CarCatalogTableViewController.swift */,
			);
			path = Controller;
			sourceTree = "<group>";
		};
		78773C9B23F5E4DD0025E635 /* View */ = {
			isa = PBXGroup;
			children = (
				78773C8823F5A29A0025E635 /* AddCarViewController.storyboard */,
			);
			path = View;
			sourceTree = "<group>";
		};
		78773C9C23F5E4E40025E635 /* Controller */ = {
			isa = PBXGroup;
			children = (
				78773C8423F5A1560025E635 /* AddCarViewController.swift */,
			);
			path = Controller;
			sourceTree = "<group>";
		};
		78773C9D23F5E50A0025E635 /* Extensions */ = {
			isa = PBXGroup;
			children = (
				78773C9023F5C91E0025E635 /* UIView+ext.swift */,
			);
			path = Extensions;
			sourceTree = "<group>";
		};
		78773C9E23F5E51C0025E635 /* Helpers */ = {
			isa = PBXGroup;
			children = (
				78773C9423F5CB140025E635 /* UserDefault.swift */,
			);
			path = Helpers;
			sourceTree = "<group>";
		};
		78773C9F23F5EEC80025E635 /* SearchCar */ = {
			isa = PBXGroup;
			children = (
				78773CA023F5EEF80025E635 /* SearchCarViewController.swift */,
				78773CA223F5EF0A0025E635 /* SearchCarViewController.storyboard */,
			);
			path = SearchCar;
			sourceTree = "<group>";
		};
/* End PBXGroup section */

/* Begin PBXNativeTarget section */
		78773C6623F592460025E635 /* CarTableView */ = {
			isa = PBXNativeTarget;
			buildConfigurationList = 78773C7B23F5924C0025E635 /* Build configuration list for PBXNativeTarget "CarTableView" */;
			buildPhases = (
				78773C6323F592460025E635 /* Sources */,
				78773C6423F592460025E635 /* Frameworks */,
				78773C6523F592460025E635 /* Resources */,
			);
			buildRules = (
			);
			dependencies = (
			);
			name = CarTableView;
			productName = CarTableView;
			productReference = 78773C6723F592460025E635 /* CarTableView.app */;
			productType = "com.apple.product-type.application";
		};
/* End PBXNativeTarget section */

/* Begin PBXProject section */
		78773C5F23F592460025E635 /* Project object */ = {
			isa = PBXProject;
			attributes = {
				LastSwiftUpdateCheck = 1130;
				LastUpgradeCheck = 1130;
				ORGANIZATIONNAME = v.kovalevskiy;
				TargetAttributes = {
					78773C6623F592460025E635 = {
						CreatedOnToolsVersion = 11.3.1;
					};
				};
			};
			buildConfigurationList = 78773C6223F592460025E635 /* Build configuration list for PBXProject "CarTableView" */;
			compatibilityVersion = "Xcode 9.3";
			developmentRegion = en;
			hasScannedForEncodings = 0;
			knownRegions = (
				en,
				Base,
			);
			mainGroup = 78773C5E23F592460025E635;
			productRefGroup = 78773C6823F592460025E635 /* Products */;
			projectDirPath = "";
			projectRoot = "";
			targets = (
				78773C6623F592460025E635 /* CarTableView */,
			);
		};
/* End PBXProject section */

/* Begin PBXResourcesBuildPhase section */
		78773C6523F592460025E635 /* Resources */ = {
			isa = PBXResourcesBuildPhase;
			buildActionMask = 2147483647;
			files = (
				78773C8923F5A29A0025E635 /* AddCarViewController.storyboard in Resources */,
				78773C8F23F5ACEE0025E635 /* CarCatalogCell.xib in Resources */,
				78773C7723F5924C0025E635 /* LaunchScreen.storyboard in Resources */,
				78773C7423F5924C0025E635 /* Assets.xcassets in Resources */,
				78773CA323F5EF0A0025E635 /* SearchCarViewController.storyboard in Resources */,
				78773C7223F592460025E635 /* Main.storyboard in Resources */,
			);
			runOnlyForDeploymentPostprocessing = 0;
		};
/* End PBXResourcesBuildPhase section */

/* Begin PBXSourcesBuildPhase section */
		78773C6323F592460025E635 /* Sources */ = {
			isa = PBXSourcesBuildPhase;
			buildActionMask = 2147483647;
			files = (
				78773C9723F5CDA60025E635 /* GetCarsCatalog.swift in Sources */,
				78773C9123F5C91E0025E635 /* UIView+ext.swift in Sources */,
				78773C6B23F592460025E635 /* AppDelegate.swift in Sources */,
				78773CA123F5EEF80025E635 /* SearchCarViewController.swift in Sources */,
				78773C7F23F592E00025E635 /* CarCatalogTableViewController.swift in Sources */,
				78773C8E23F5ACEE0025E635 /* CarCatalogCell.swift in Sources */,
				78773C9523F5CB140025E635 /* UserDefault.swift in Sources */,
				78773C6D23F592460025E635 /* SceneDelegate.swift in Sources */,
				78773C9323F5C93D0025E635 /* Car.swift in Sources */,
				78773C8623F5A1560025E635 /* AddCarViewController.swift in Sources */,
			);
			runOnlyForDeploymentPostprocessing = 0;
		};
/* End PBXSourcesBuildPhase section */

/* Begin PBXVariantGroup section */
		78773C7023F592460025E635 /* Main.storyboard */ = {
			isa = PBXVariantGroup;
			children = (
				78773C7123F592460025E635 /* Base */,
			);
			name = Main.storyboard;
			sourceTree = "<group>";
		};
		78773C7523F5924C0025E635 /* LaunchScreen.storyboard */ = {
			isa = PBXVariantGroup;
			children = (
				78773C7623F5924C0025E635 /* Base */,
			);
			name = LaunchScreen.storyboard;
			sourceTree = "<group>";
		};
/* End PBXVariantGroup section */

/* Begin XCBuildConfiguration section */
		78773C7923F5924C0025E635 /* Debug */ = {
			isa = XCBuildConfiguration;
			buildSettings = {
				ALWAYS_SEARCH_USER_PATHS = NO;
				CLANG_ANALYZER_NONNULL = YES;
				CLANG_ANALYZER_NUMBER_OBJECT_CONVERSION = YES_AGGRESSIVE;
				CLANG_CXX_LANGUAGE_STANDARD = "gnu++14";
				CLANG_CXX_LIBRARY = "libc++";
				CLANG_ENABLE_MODULES = YES;
				CLANG_ENABLE_OBJC_ARC = YES;
				CLANG_ENABLE_OBJC_WEAK = YES;
				CLANG_WARN_BLOCK_CAPTURE_AUTORELEASING = YES;
				CLANG_WARN_BOOL_CONVERSION = YES;
				CLANG_WARN_COMMA = YES;
				CLANG_WARN_CONSTANT_CONVERSION = YES;
				CLANG_WARN_DEPRECATED_OBJC_IMPLEMENTATIONS = YES;
				CLANG_WARN_DIRECT_OBJC_ISA_USAGE = YES_ERROR;
				CLANG_WARN_DOCUMENTATION_COMMENTS = YES;
				CLANG_WARN_EMPTY_BODY = YES;
				CLANG_WARN_ENUM_CONVERSION = YES;
				CLANG_WARN_INFINITE_RECURSION = YES;
				CLANG_WARN_INT_CONVERSION = YES;
				CLANG_WARN_NON_LITERAL_NULL_CONVERSION = YES;
				CLANG_WARN_OBJC_IMPLICIT_RETAIN_SELF = YES;
				CLANG_WARN_OBJC_LITERAL_CONVERSION = YES;
				CLANG_WARN_OBJC_ROOT_CLASS = YES_ERROR;
				CLANG_WARN_RANGE_LOOP_ANALYSIS = YES;
				CLANG_WARN_STRICT_PROTOTYPES = YES;
				CLANG_WARN_SUSPICIOUS_MOVE = YES;
				CLANG_WARN_UNGUARDED_AVAILABILITY = YES_AGGRESSIVE;
				CLANG_WARN_UNREACHABLE_CODE = YES;
				CLANG_WARN__DUPLICATE_METHOD_MATCH = YES;
				COPY_PHASE_STRIP = NO;
				DEBUG_INFORMATION_FORMAT = dwarf;
				ENABLE_STRICT_OBJC_MSGSEND = YES;
				ENABLE_TESTABILITY = YES;
				GCC_C_LANGUAGE_STANDARD = gnu11;
				GCC_DYNAMIC_NO_PIC = NO;
				GCC_NO_COMMON_BLOCKS = YES;
				GCC_OPTIMIZATION_LEVEL = 0;
				GCC_PREPROCESSOR_DEFINITIONS = (
					"DEBUG=1",
					"$(inherited)",
				);
				GCC_WARN_64_TO_32_BIT_CONVERSION = YES;
				GCC_WARN_ABOUT_RETURN_TYPE = YES_ERROR;
				GCC_WARN_UNDECLARED_SELECTOR = YES;
				GCC_WARN_UNINITIALIZED_AUTOS = YES_AGGRESSIVE;
				GCC_WARN_UNUSED_FUNCTION = YES;
				GCC_WARN_UNUSED_VARIABLE = YES;
				IPHONEOS_DEPLOYMENT_TARGET = 13.2;
				MTL_ENABLE_DEBUG_INFO = INCLUDE_SOURCE;
				MTL_FAST_MATH = YES;
				ONLY_ACTIVE_ARCH = YES;
				SDKROOT = iphoneos;
				SWIFT_ACTIVE_COMPILATION_CONDITIONS = DEBUG;
				SWIFT_OPTIMIZATION_LEVEL = "-Onone";
			};
			name = Debug;
		};
		78773C7A23F5924C0025E635 /* Release */ = {
			isa = XCBuildConfiguration;
			buildSettings = {
				ALWAYS_SEARCH_USER_PATHS = NO;
				CLANG_ANALYZER_NONNULL = YES;
				CLANG_ANALYZER_NUMBER_OBJECT_CONVERSION = YES_AGGRESSIVE;
				CLANG_CXX_LANGUAGE_STANDARD = "gnu++14";
				CLANG_CXX_LIBRARY = "libc++";
				CLANG_ENABLE_MODULES = YES;
				CLANG_ENABLE_OBJC_ARC = YES;
				CLANG_ENABLE_OBJC_WEAK = YES;
				CLANG_WARN_BLOCK_CAPTURE_AUTORELEASING = YES;
				CLANG_WARN_BOOL_CONVERSION = YES;
				CLANG_WARN_COMMA = YES;
				CLANG_WARN_CONSTANT_CONVERSION = YES;
				CLANG_WARN_DEPRECATED_OBJC_IMPLEMENTATIONS = YES;
				CLANG_WARN_DIRECT_OBJC_ISA_USAGE = YES_ERROR;
				CLANG_WARN_DOCUMENTATION_COMMENTS = YES;
				CLANG_WARN_EMPTY_BODY = YES;
				CLANG_WARN_ENUM_CONVERSION = YES;
				CLANG_WARN_INFINITE_RECURSION = YES;
				CLANG_WARN_INT_CONVERSION = YES;
				CLANG_WARN_NON_LITERAL_NULL_CONVERSION = YES;
				CLANG_WARN_OBJC_IMPLICIT_RETAIN_SELF = YES;
				CLANG_WARN_OBJC_LITERAL_CONVERSION = YES;
				CLANG_WARN_OBJC_ROOT_CLASS = YES_ERROR;
				CLANG_WARN_RANGE_LOOP_ANALYSIS = YES;
				CLANG_WARN_STRICT_PROTOTYPES = YES;
				CLANG_WARN_SUSPICIOUS_MOVE = YES;
				CLANG_WARN_UNGUARDED_AVAILABILITY = YES_AGGRESSIVE;
				CLANG_WARN_UNREACHABLE_CODE = YES;
				CLANG_WARN__DUPLICATE_METHOD_MATCH = YES;
				COPY_PHASE_STRIP = NO;
				DEBUG_INFORMATION_FORMAT = "dwarf-with-dsym";
				ENABLE_NS_ASSERTIONS = NO;
				ENABLE_STRICT_OBJC_MSGSEND = YES;
				GCC_C_LANGUAGE_STANDARD = gnu11;
				GCC_NO_COMMON_BLOCKS = YES;
				GCC_WARN_64_TO_32_BIT_CONVERSION = YES;
				GCC_WARN_ABOUT_RETURN_TYPE = YES_ERROR;
				GCC_WARN_UNDECLARED_SELECTOR = YES;
				GCC_WARN_UNINITIALIZED_AUTOS = YES_AGGRESSIVE;
				GCC_WARN_UNUSED_FUNCTION = YES;
				GCC_WARN_UNUSED_VARIABLE = YES;
				IPHONEOS_DEPLOYMENT_TARGET = 13.2;
				MTL_ENABLE_DEBUG_INFO = NO;
				MTL_FAST_MATH = YES;
				SDKROOT = iphoneos;
				SWIFT_COMPILATION_MODE = wholemodule;
				SWIFT_OPTIMIZATION_LEVEL = "-O";
				VALIDATE_PRODUCT = YES;
			};
			name = Release;
		};
		78773C7C23F5924C0025E635 /* Debug */ = {
			isa = XCBuildConfiguration;
			buildSettings = {
				ASSETCATALOG_COMPILER_APPICON_NAME = AppIcon;
				CODE_SIGN_STYLE = Automatic;
				INFOPLIST_FILE = CarTableView/Info.plist;
				LD_RUNPATH_SEARCH_PATHS = (
					"$(inherited)",
					"@executable_path/Frameworks",
				);
				PRODUCT_BUNDLE_IDENTIFIER = v.kovalevskiy.CarTableView;
				PRODUCT_NAME = "$(TARGET_NAME)";
				SWIFT_VERSION = 5.0;
				TARGETED_DEVICE_FAMILY = "1,2";
			};
			name = Debug;
		};
		78773C7D23F5924C0025E635 /* Release */ = {
			isa = XCBuildConfiguration;
			buildSettings = {
				ASSETCATALOG_COMPILER_APPICON_NAME = AppIcon;
				CODE_SIGN_STYLE = Automatic;
				INFOPLIST_FILE = CarTableView/Info.plist;
				LD_RUNPATH_SEARCH_PATHS = (
					"$(inherited)",
					"@executable_path/Frameworks",
				);
				PRODUCT_BUNDLE_IDENTIFIER = v.kovalevskiy.CarTableView;
				PRODUCT_NAME = "$(TARGET_NAME)";
				SWIFT_VERSION = 5.0;
				TARGETED_DEVICE_FAMILY = "1,2";
			};
			name = Release;
		};
/* End XCBuildConfiguration section */

/* Begin XCConfigurationList section */
		78773C6223F592460025E635 /* Build configuration list for PBXProject "CarTableView" */ = {
			isa = XCConfigurationList;
			buildConfigurations = (
				78773C7923F5924C0025E635 /* Debug */,
				78773C7A23F5924C0025E635 /* Release */,
			);
			defaultConfigurationIsVisible = 0;
			defaultConfigurationName = Release;
		};
		78773C7B23F5924C0025E635 /* Build configuration list for PBXNativeTarget "CarTableView" */ = {
			isa = XCConfigurationList;
			buildConfigurations = (
				78773C7C23F5924C0025E635 /* Debug */,
				78773C7D23F5924C0025E635 /* Release */,
			);
			defaultConfigurationIsVisible = 0;
			defaultConfigurationName = Release;
		};
/* End XCConfigurationList section */
	};
	rootObject = 78773C5F23F592460025E635 /* Project object */;
}
